
Microsoft Visual Studio Solution File, Format Version 12.00
# Visual Studio 15
VisualStudioVersion = 15.0.28010.2003
MinimumVisualStudioVersion = 10.0.40219.1
Project("{FAE04EC0-301F-11D3-BF4B-00C04F79EFBC}") = "SQL Data Access Demo", "SQL Data Access Demo\SQL Data Access Demo.csproj", "{A24463EC-AFDE-4B0B-BB8D-76CC8E4F9A62}"
EndProject
Global
	GlobalSection(SolutionConfigurationPlatforms) = preSolution
		Debug|Any CPU = Debug|Any CPU
		Release|Any CPU = Release|Any CPU
	EndGlobalSection
	GlobalSection(ProjectConfigurationPlatforms) = postSolution
		{A24463EC-AFDE-4B0B-BB8D-76CC8E4F9A62}.Debug|Any CPU.ActiveCfg = Debug|Any CPU
		{A24463EC-AFDE-4B0B-BB8D-76CC8E4F9A62}.Debug|Any CPU.Build.0 = Debug|Any CPU
		{A24463EC-AFDE-4B0B-BB8D-76CC8E4F9A62}.Release|Any CPU.ActiveCfg = Release|Any CPU
		{A24463EC-AFDE-4B0B-BB8D-76CC8E4F9A62}.Release|Any CPU.Build.0 = Release|Any CPU
	EndGlobalSection
	GlobalSection(SolutionProperties) = preSolution
		HideSolutionNode = FALSE
	EndGlobalSection
	GlobalSection(ExtensibilityGlobals) = postSolution
		SolutionGuid = {55198576-A9C0-46B2-A1FC-9F01DE4286B1}
	EndGlobalSection
EndGlobal
