
Microsoft Visual Studio Solution File, Format Version 12.00
# Visual Studio 15
VisualStudioVersion = 15.0.28010.2003
MinimumVisualStudioVersion = 10.0.40219.1
Project("{FAE04EC0-301F-11D3-BF4B-00C04F79EFBC}") = "ConsoleApp7", "ConsoleApp7\ConsoleApp7.csproj", "{2A10C7CC-BFC8-4D63-88AA-6BB8578721BA}"
EndProject
Global
	GlobalSection(SolutionConfigurationPlatforms) = preSolution
		Debug|Any CPU = Debug|Any CPU
		Release|Any CPU = Release|Any CPU
	EndGlobalSection
	GlobalSection(ProjectConfigurationPlatforms) = postSolution
		{2A10C7CC-BFC8-4D63-88AA-6BB8578721BA}.Debug|Any CPU.ActiveCfg = Debug|Any CPU
		{2A10C7CC-BFC8-4D63-88AA-6BB8578721BA}.Debug|Any CPU.Build.0 = Debug|Any CPU
		{2A10C7CC-BFC8-4D63-88AA-6BB8578721BA}.Release|Any CPU.ActiveCfg = Release|Any CPU
		{2A10C7CC-BFC8-4D63-88AA-6BB8578721BA}.Release|Any CPU.Build.0 = Release|Any CPU
	EndGlobalSection
	GlobalSection(SolutionProperties) = preSolution
		HideSolutionNode = FALSE
	EndGlobalSection
	GlobalSection(ExtensibilityGlobals) = postSolution
		SolutionGuid = {C38A0503-5BE0-42A4-AF5B-B7488D25C10D}
	EndGlobalSection
EndGlobal
