
Microsoft Visual Studio Solution File, Format Version 12.00
# Visual Studio 15
VisualStudioVersion = 15.0.28010.2003
MinimumVisualStudioVersion = 10.0.40219.1
Project("{FAE04EC0-301F-11D3-BF4B-00C04F79EFBC}") = "Soitin", "Soitin\Soitin.csproj", "{BF072A4D-F888-4DF9-9B22-352D1EA2CD19}"
EndProject
Global
	GlobalSection(SolutionConfigurationPlatforms) = preSolution
		Debug|Any CPU = Debug|Any CPU
		Release|Any CPU = Release|Any CPU
	EndGlobalSection
	GlobalSection(ProjectConfigurationPlatforms) = postSolution
		{BF072A4D-F888-4DF9-9B22-352D1EA2CD19}.Debug|Any CPU.ActiveCfg = Debug|Any CPU
		{BF072A4D-F888-4DF9-9B22-352D1EA2CD19}.Debug|Any CPU.Build.0 = Debug|Any CPU
		{BF072A4D-F888-4DF9-9B22-352D1EA2CD19}.Release|Any CPU.ActiveCfg = Release|Any CPU
		{BF072A4D-F888-4DF9-9B22-352D1EA2CD19}.Release|Any CPU.Build.0 = Release|Any CPU
	EndGlobalSection
	GlobalSection(SolutionProperties) = preSolution
		HideSolutionNode = FALSE
	EndGlobalSection
	GlobalSection(ExtensibilityGlobals) = postSolution
		SolutionGuid = {D10870DB-CAF8-4084-A262-728B1D1FB2F5}
	EndGlobalSection
EndGlobal
