
Microsoft Visual Studio Solution File, Format Version 12.00
# Visual Studio 15
VisualStudioVersion = 15.0.28010.2050
MinimumVisualStudioVersion = 10.0.40219.1
Project("{FAE04EC0-301F-11D3-BF4B-00C04F79EFBC}") = "LisaaPaivitaPoistaSQL", "LisaaPaivitaPoistaSQL\LisaaPaivitaPoistaSQL.csproj", "{1BDEE849-6E35-4787-A229-7B211F681CB8}"
EndProject
Global
	GlobalSection(SolutionConfigurationPlatforms) = preSolution
		Debug|Any CPU = Debug|Any CPU
		Release|Any CPU = Release|Any CPU
	EndGlobalSection
	GlobalSection(ProjectConfigurationPlatforms) = postSolution
		{1BDEE849-6E35-4787-A229-7B211F681CB8}.Debug|Any CPU.ActiveCfg = Debug|Any CPU
		{1BDEE849-6E35-4787-A229-7B211F681CB8}.Debug|Any CPU.Build.0 = Debug|Any CPU
		{1BDEE849-6E35-4787-A229-7B211F681CB8}.Release|Any CPU.ActiveCfg = Release|Any CPU
		{1BDEE849-6E35-4787-A229-7B211F681CB8}.Release|Any CPU.Build.0 = Release|Any CPU
	EndGlobalSection
	GlobalSection(SolutionProperties) = preSolution
		HideSolutionNode = FALSE
	EndGlobalSection
	GlobalSection(ExtensibilityGlobals) = postSolution
		SolutionGuid = {D7390C91-9D37-4302-AB16-EDD5838395AD}
	EndGlobalSection
EndGlobal
