
Microsoft Visual Studio Solution File, Format Version 12.00
# Visual Studio 15
VisualStudioVersion = 15.0.28010.2003
MinimumVisualStudioVersion = 10.0.40219.1
Project("{FAE04EC0-301F-11D3-BF4B-00C04F79EFBC}") = "MySQL-testi", "MySQL-testi\MySQL-testi.csproj", "{9E7AEC4F-1A38-4AA6-9A4C-0EE328C0E395}"
EndProject
Global
	GlobalSection(SolutionConfigurationPlatforms) = preSolution
		Debug|Any CPU = Debug|Any CPU
		Release|Any CPU = Release|Any CPU
	EndGlobalSection
	GlobalSection(ProjectConfigurationPlatforms) = postSolution
		{9E7AEC4F-1A38-4AA6-9A4C-0EE328C0E395}.Debug|Any CPU.ActiveCfg = Debug|Any CPU
		{9E7AEC4F-1A38-4AA6-9A4C-0EE328C0E395}.Debug|Any CPU.Build.0 = Debug|Any CPU
		{9E7AEC4F-1A38-4AA6-9A4C-0EE328C0E395}.Release|Any CPU.ActiveCfg = Release|Any CPU
		{9E7AEC4F-1A38-4AA6-9A4C-0EE328C0E395}.Release|Any CPU.Build.0 = Release|Any CPU
	EndGlobalSection
	GlobalSection(SolutionProperties) = preSolution
		HideSolutionNode = FALSE
	EndGlobalSection
	GlobalSection(ExtensibilityGlobals) = postSolution
		SolutionGuid = {99D1EB74-96F1-4D12-ACEA-9E3E56CD4802}
	EndGlobalSection
EndGlobal
