
Microsoft Visual Studio Solution File, Format Version 12.00
# Visual Studio 15
VisualStudioVersion = 15.0.27703.2026
MinimumVisualStudioVersion = 10.0.40219.1
Project("{FAE04EC0-301F-11D3-BF4B-00C04F79EFBC}") = "ConsoleApp4", "ConsoleApp4\ConsoleApp4.csproj", "{567D84A9-2F59-432F-B996-A1D64A84B2AE}"
EndProject
Global
	GlobalSection(SolutionConfigurationPlatforms) = preSolution
		Debug|Any CPU = Debug|Any CPU
		Release|Any CPU = Release|Any CPU
	EndGlobalSection
	GlobalSection(ProjectConfigurationPlatforms) = postSolution
		{567D84A9-2F59-432F-B996-A1D64A84B2AE}.Debug|Any CPU.ActiveCfg = Debug|Any CPU
		{567D84A9-2F59-432F-B996-A1D64A84B2AE}.Debug|Any CPU.Build.0 = Debug|Any CPU
		{567D84A9-2F59-432F-B996-A1D64A84B2AE}.Release|Any CPU.ActiveCfg = Release|Any CPU
		{567D84A9-2F59-432F-B996-A1D64A84B2AE}.Release|Any CPU.Build.0 = Release|Any CPU
	EndGlobalSection
	GlobalSection(SolutionProperties) = preSolution
		HideSolutionNode = FALSE
	EndGlobalSection
	GlobalSection(ExtensibilityGlobals) = postSolution
		SolutionGuid = {2F3D0FBF-A352-442F-B71F-B729FD591211}
	EndGlobalSection
EndGlobal
